{
    "name": "zynjs",
    "version": "1.0.0",
    "lockfileVersion": 3,
    "requires": true,
    "packages": {
        "": {
            "name": "zynjs",
            "version": "1.0.0",
            "license": "GPL-2.0-only",
            "dependencies": {
                "jsdiff": "git+https://github.com/kpdecker/jsdiff.git#v5.1.0"
            }
        },
        "node_modules/jsdiff": {
            "name": "diff",
            "version": "5.0.0",
            "resolved": "git+ssh://git@github.com/kpdecker/jsdiff.git#f4cc58c57ae355ccf9fcd442a0d8f9497a02b3c1",
            "license": "BSD-3-Clause",
            "engines": {
                "node": ">=0.3.1"
            }
        }
    }
}
